
Microsoft Visual Studio Solution File, Format Version 12.00
# Visual Studio Version 16
VisualStudioVersion = 16.0.28803.202
MinimumVisualStudioVersion = 10.0.40219.1
Project("{FAE04EC0-301F-11D3-BF4B-00C04F79EFBC}") = "Jointly.Android", "Jointly\Jointly.Android\Jointly.Android.csproj", "{C92B3F10-107A-4FD2-98A1-F227305AB2DE}"
EndProject
Project("{FAE04EC0-301F-11D3-BF4B-00C04F79EFBC}") = "Jointly.iOS", "Jointly\Jointly.iOS\Jointly.iOS.csproj", "{B50DEC6B-782F-4958-8451-129124A93395}"
EndProject
Project("{FAE04EC0-301F-11D3-BF4B-00C04F79EFBC}") = "Jointly", "Jointly\Jointly\Jointly.csproj", "{39DDFA6E-65B2-4701-8FE8-09945CF90EB7}"
EndProject
Global
	GlobalSection(SolutionConfigurationPlatforms) = preSolution
		Debug|Any CPU = Debug|Any CPU
		Debug|iPhone = Debug|iPhone
		Debug|iPhoneSimulator = Debug|iPhoneSimulator
		Release|Any CPU = Release|Any CPU
		Release|iPhone = Release|iPhone
		Release|iPhoneSimulator = Release|iPhoneSimulator
	EndGlobalSection
	GlobalSection(ProjectConfigurationPlatforms) = postSolution
		{C92B3F10-107A-4FD2-98A1-F227305AB2DE}.Debug|Any CPU.ActiveCfg = Debug|Any CPU
		{C92B3F10-107A-4FD2-98A1-F227305AB2DE}.Debug|Any CPU.Build.0 = Debug|Any CPU
		{C92B3F10-107A-4FD2-98A1-F227305AB2DE}.Debug|Any CPU.Deploy.0 = Debug|Any CPU
		{C92B3F10-107A-4FD2-98A1-F227305AB2DE}.Debug|iPhone.ActiveCfg = Debug|Any CPU
		{C92B3F10-107A-4FD2-98A1-F227305AB2DE}.Debug|iPhone.Build.0 = Debug|Any CPU
		{C92B3F10-107A-4FD2-98A1-F227305AB2DE}.Debug|iPhone.Deploy.0 = Debug|Any CPU
		{C92B3F10-107A-4FD2-98A1-F227305AB2DE}.Debug|iPhoneSimulator.ActiveCfg = Debug|Any CPU
		{C92B3F10-107A-4FD2-98A1-F227305AB2DE}.Debug|iPhoneSimulator.Build.0 = Debug|Any CPU
		{C92B3F10-107A-4FD2-98A1-F227305AB2DE}.Debug|iPhoneSimulator.Deploy.0 = Debug|Any CPU
		{C92B3F10-107A-4FD2-98A1-F227305AB2DE}.Release|Any CPU.ActiveCfg = Release|Any CPU
		{C92B3F10-107A-4FD2-98A1-F227305AB2DE}.Release|Any CPU.Build.0 = Release|Any CPU
		{C92B3F10-107A-4FD2-98A1-F227305AB2DE}.Release|Any CPU.Deploy.0 = Release|Any CPU
		{C92B3F10-107A-4FD2-98A1-F227305AB2DE}.Release|iPhone.ActiveCfg = Release|Any CPU
		{C92B3F10-107A-4FD2-98A1-F227305AB2DE}.Release|iPhone.Build.0 = Release|Any CPU
		{C92B3F10-107A-4FD2-98A1-F227305AB2DE}.Release|iPhone.Deploy.0 = Release|Any CPU
		{C92B3F10-107A-4FD2-98A1-F227305AB2DE}.Release|iPhoneSimulator.ActiveCfg = Release|Any CPU
		{C92B3F10-107A-4FD2-98A1-F227305AB2DE}.Release|iPhoneSimulator.Build.0 = Release|Any CPU
		{C92B3F10-107A-4FD2-98A1-F227305AB2DE}.Release|iPhoneSimulator.Deploy.0 = Release|Any CPU
		{B50DEC6B-782F-4958-8451-129124A93395}.Debug|Any CPU.ActiveCfg = Debug|iPhoneSimulator
		{B50DEC6B-782F-4958-8451-129124A93395}.Debug|Any CPU.Build.0 = Debug|iPhoneSimulator
		{B50DEC6B-782F-4958-8451-129124A93395}.Debug|Any CPU.Deploy.0 = Debug|iPhoneSimulator
		{B50DEC6B-782F-4958-8451-129124A93395}.Debug|iPhone.ActiveCfg = Debug|iPhone
		{B50DEC6B-782F-4958-8451-129124A93395}.Debug|iPhone.Build.0 = Debug|iPhone
		{B50DEC6B-782F-4958-8451-129124A93395}.Debug|iPhone.Deploy.0 = Debug|iPhone
		{B50DEC6B-782F-4958-8451-129124A93395}.Debug|iPhoneSimulator.ActiveCfg = Debug|iPhoneSimulator
		{B50DEC6B-782F-4958-8451-129124A93395}.Debug|iPhoneSimulator.Build.0 = Debug|iPhoneSimulator
		{B50DEC6B-782F-4958-8451-129124A93395}.Debug|iPhoneSimulator.Deploy.0 = Debug|iPhoneSimulator
		{B50DEC6B-782F-4958-8451-129124A93395}.Release|Any CPU.ActiveCfg = Release|iPhone
		{B50DEC6B-782F-4958-8451-129124A93395}.Release|Any CPU.Build.0 = Release|iPhone
		{B50DEC6B-782F-4958-8451-129124A93395}.Release|Any CPU.Deploy.0 = Release|iPhone
		{B50DEC6B-782F-4958-8451-129124A93395}.Release|iPhone.ActiveCfg = Release|iPhone
		{B50DEC6B-782F-4958-8451-129124A93395}.Release|iPhone.Build.0 = Release|iPhone
		{B50DEC6B-782F-4958-8451-129124A93395}.Release|iPhone.Deploy.0 = Release|iPhone
		{B50DEC6B-782F-4958-8451-129124A93395}.Release|iPhoneSimulator.ActiveCfg = Release|iPhoneSimulator
		{B50DEC6B-782F-4958-8451-129124A93395}.Release|iPhoneSimulator.Build.0 = Release|iPhoneSimulator
		{B50DEC6B-782F-4958-8451-129124A93395}.Release|iPhoneSimulator.Deploy.0 = Release|iPhoneSimulator
		{39DDFA6E-65B2-4701-8FE8-09945CF90EB7}.Debug|Any CPU.ActiveCfg = Debug|Any CPU
		{39DDFA6E-65B2-4701-8FE8-09945CF90EB7}.Debug|Any CPU.Build.0 = Debug|Any CPU
		{39DDFA6E-65B2-4701-8FE8-09945CF90EB7}.Debug|Any CPU.Deploy.0 = Debug|Any CPU
		{39DDFA6E-65B2-4701-8FE8-09945CF90EB7}.Debug|iPhone.ActiveCfg = Debug|Any CPU
		{39DDFA6E-65B2-4701-8FE8-09945CF90EB7}.Debug|iPhone.Build.0 = Debug|Any CPU
		{39DDFA6E-65B2-4701-8FE8-09945CF90EB7}.Debug|iPhone.Deploy.0 = Debug|Any CPU
		{39DDFA6E-65B2-4701-8FE8-09945CF90EB7}.Debug|iPhoneSimulator.ActiveCfg = Debug|Any CPU
		{39DDFA6E-65B2-4701-8FE8-09945CF90EB7}.Debug|iPhoneSimulator.Build.0 = Debug|Any CPU
		{39DDFA6E-65B2-4701-8FE8-09945CF90EB7}.Debug|iPhoneSimulator.Deploy.0 = Debug|Any CPU
		{39DDFA6E-65B2-4701-8FE8-09945CF90EB7}.Release|Any CPU.ActiveCfg = Release|Any CPU
		{39DDFA6E-65B2-4701-8FE8-09945CF90EB7}.Release|Any CPU.Build.0 = Release|Any CPU
		{39DDFA6E-65B2-4701-8FE8-09945CF90EB7}.Release|Any CPU.Deploy.0 = Release|Any CPU
		{39DDFA6E-65B2-4701-8FE8-09945CF90EB7}.Release|iPhone.ActiveCfg = Release|Any CPU
		{39DDFA6E-65B2-4701-8FE8-09945CF90EB7}.Release|iPhone.Build.0 = Release|Any CPU
		{39DDFA6E-65B2-4701-8FE8-09945CF90EB7}.Release|iPhone.Deploy.0 = Release|Any CPU
		{39DDFA6E-65B2-4701-8FE8-09945CF90EB7}.Release|iPhoneSimulator.ActiveCfg = Release|Any CPU
		{39DDFA6E-65B2-4701-8FE8-09945CF90EB7}.Release|iPhoneSimulator.Build.0 = Release|Any CPU
		{39DDFA6E-65B2-4701-8FE8-09945CF90EB7}.Release|iPhoneSimulator.Deploy.0 = Release|Any CPU
	EndGlobalSection
	GlobalSection(SolutionProperties) = preSolution
		HideSolutionNode = FALSE
	EndGlobalSection
	GlobalSection(ExtensibilityGlobals) = postSolution
		SolutionGuid = {E070B58D-17C4-48D8-B278-AD0D0E8B5A1A}
	EndGlobalSection
EndGlobal
